
Microsoft Visual Studio Solution File, Format Version 12.00
# Visual Studio Version 16
VisualStudioVersion = 16.0.29806.167
MinimumVisualStudioVersion = 10.0.40219.1
Project("{FAE04EC0-301F-11D3-BF4B-00C04F79EFBC}") = "SecureDiary.UWP", "SecureDiary.UWP\SecureDiary.UWP.csproj", "{8EF599A8-DAA2-449F-AD03-B4689BF5199E}"
EndProject
Project("{FAE04EC0-301F-11D3-BF4B-00C04F79EFBC}") = "SecureDiary.Android", "SecureDiary.Android\SecureDiary.Android.csproj", "{259A4B19-431F-4752-9FA6-2DFA72AD6D2D}"
EndProject
Project("{FAE04EC0-301F-11D3-BF4B-00C04F79EFBC}") = "SecureDiary.iOS", "SecureDiary.iOS\SecureDiary.iOS.csproj", "{820C5436-A06D-4E99-AF0E-69598B4188B9}"
EndProject
Project("{FAE04EC0-301F-11D3-BF4B-00C04F79EFBC}") = "SecureDiary", "SecureDiary\SecureDiary.csproj", "{9ECE1932-993A-465A-8507-710CA24C787F}"
EndProject
Global
	GlobalSection(SolutionConfigurationPlatforms) = preSolution
		Debug|Any CPU = Debug|Any CPU
		Debug|ARM = Debug|ARM
		Debug|iPhone = Debug|iPhone
		Debug|iPhoneSimulator = Debug|iPhoneSimulator
		Debug|x64 = Debug|x64
		Debug|x86 = Debug|x86
		Release|Any CPU = Release|Any CPU
		Release|ARM = Release|ARM
		Release|iPhone = Release|iPhone
		Release|iPhoneSimulator = Release|iPhoneSimulator
		Release|x64 = Release|x64
		Release|x86 = Release|x86
	EndGlobalSection
	GlobalSection(ProjectConfigurationPlatforms) = postSolution
		{8EF599A8-DAA2-449F-AD03-B4689BF5199E}.Debug|Any CPU.ActiveCfg = Debug|x86
		{8EF599A8-DAA2-449F-AD03-B4689BF5199E}.Debug|Any CPU.Build.0 = Debug|x86
		{8EF599A8-DAA2-449F-AD03-B4689BF5199E}.Debug|Any CPU.Deploy.0 = Debug|x86
		{8EF599A8-DAA2-449F-AD03-B4689BF5199E}.Debug|ARM.ActiveCfg = Debug|ARM
		{8EF599A8-DAA2-449F-AD03-B4689BF5199E}.Debug|ARM.Build.0 = Debug|ARM
		{8EF599A8-DAA2-449F-AD03-B4689BF5199E}.Debug|ARM.Deploy.0 = Debug|ARM
		{8EF599A8-DAA2-449F-AD03-B4689BF5199E}.Debug|iPhone.ActiveCfg = Debug|x86
		{8EF599A8-DAA2-449F-AD03-B4689BF5199E}.Debug|iPhone.Build.0 = Debug|x86
		{8EF599A8-DAA2-449F-AD03-B4689BF5199E}.Debug|iPhone.Deploy.0 = Debug|x86
		{8EF599A8-DAA2-449F-AD03-B4689BF5199E}.Debug|iPhoneSimulator.ActiveCfg = Debug|x86
		{8EF599A8-DAA2-449F-AD03-B4689BF5199E}.Debug|iPhoneSimulator.Build.0 = Debug|x86
		{8EF599A8-DAA2-449F-AD03-B4689BF5199E}.Debug|iPhoneSimulator.Deploy.0 = Debug|x86
		{8EF599A8-DAA2-449F-AD03-B4689BF5199E}.Debug|x64.ActiveCfg = Debug|x64
		{8EF599A8-DAA2-449F-AD03-B4689BF5199E}.Debug|x64.Build.0 = Debug|x64
		{8EF599A8-DAA2-449F-AD03-B4689BF5199E}.Debug|x64.Deploy.0 = Debug|x64
		{8EF599A8-DAA2-449F-AD03-B4689BF5199E}.Debug|x86.ActiveCfg = Debug|x86
		{8EF599A8-DAA2-449F-AD03-B4689BF5199E}.Debug|x86.Build.0 = Debug|x86
		{8EF599A8-DAA2-449F-AD03-B4689BF5199E}.Debug|x86.Deploy.0 = Debug|x86
		{8EF599A8-DAA2-449F-AD03-B4689BF5199E}.Release|Any CPU.ActiveCfg = Release|x86
		{8EF599A8-DAA2-449F-AD03-B4689BF5199E}.Release|Any CPU.Build.0 = Release|x86
		{8EF599A8-DAA2-449F-AD03-B4689BF5199E}.Release|Any CPU.Deploy.0 = Release|x86
		{8EF599A8-DAA2-449F-AD03-B4689BF5199E}.Release|ARM.ActiveCfg = Release|ARM
		{8EF599A8-DAA2-449F-AD03-B4689BF5199E}.Release|ARM.Build.0 = Release|ARM
		{8EF599A8-DAA2-449F-AD03-B4689BF5199E}.Release|ARM.Deploy.0 = Release|ARM
		{8EF599A8-DAA2-449F-AD03-B4689BF5199E}.Release|iPhone.ActiveCfg = Release|x86
		{8EF599A8-DAA2-449F-AD03-B4689BF5199E}.Release|iPhone.Build.0 = Release|x86
		{8EF599A8-DAA2-449F-AD03-B4689BF5199E}.Release|iPhone.Deploy.0 = Release|x86
		{8EF599A8-DAA2-449F-AD03-B4689BF5199E}.Release|iPhoneSimulator.ActiveCfg = Release|x86
		{8EF599A8-DAA2-449F-AD03-B4689BF5199E}.Release|iPhoneSimulator.Build.0 = Release|x86
		{8EF599A8-DAA2-449F-AD03-B4689BF5199E}.Release|iPhoneSimulator.Deploy.0 = Release|x86
		{8EF599A8-DAA2-449F-AD03-B4689BF5199E}.Release|x64.ActiveCfg = Release|x64
		{8EF599A8-DAA2-449F-AD03-B4689BF5199E}.Release|x64.Build.0 = Release|x64
		{8EF599A8-DAA2-449F-AD03-B4689BF5199E}.Release|x64.Deploy.0 = Release|x64
		{8EF599A8-DAA2-449F-AD03-B4689BF5199E}.Release|x86.ActiveCfg = Release|x86
		{8EF599A8-DAA2-449F-AD03-B4689BF5199E}.Release|x86.Build.0 = Release|x86
		{8EF599A8-DAA2-449F-AD03-B4689BF5199E}.Release|x86.Deploy.0 = Release|x86
		{259A4B19-431F-4752-9FA6-2DFA72AD6D2D}.Debug|Any CPU.ActiveCfg = Debug|Any CPU
		{259A4B19-431F-4752-9FA6-2DFA72AD6D2D}.Debug|Any CPU.Build.0 = Debug|Any CPU
		{259A4B19-431F-4752-9FA6-2DFA72AD6D2D}.Debug|Any CPU.Deploy.0 = Debug|Any CPU
		{259A4B19-431F-4752-9FA6-2DFA72AD6D2D}.Debug|ARM.ActiveCfg = Debug|Any CPU
		{259A4B19-431F-4752-9FA6-2DFA72AD6D2D}.Debug|ARM.Build.0 = Debug|Any CPU
		{259A4B19-431F-4752-9FA6-2DFA72AD6D2D}.Debug|ARM.Deploy.0 = Debug|Any CPU
		{259A4B19-431F-4752-9FA6-2DFA72AD6D2D}.Debug|iPhone.ActiveCfg = Debug|Any CPU
		{259A4B19-431F-4752-9FA6-2DFA72AD6D2D}.Debug|iPhone.Build.0 = Debug|Any CPU
		{259A4B19-431F-4752-9FA6-2DFA72AD6D2D}.Debug|iPhone.Deploy.0 = Debug|Any CPU
		{259A4B19-431F-4752-9FA6-2DFA72AD6D2D}.Debug|iPhoneSimulator.ActiveCfg = Debug|Any CPU
		{259A4B19-431F-4752-9FA6-2DFA72AD6D2D}.Debug|iPhoneSimulator.Build.0 = Debug|Any CPU
		{259A4B19-431F-4752-9FA6-2DFA72AD6D2D}.Debug|iPhoneSimulator.Deploy.0 = Debug|Any CPU
		{259A4B19-431F-4752-9FA6-2DFA72AD6D2D}.Debug|x64.ActiveCfg = Debug|Any CPU
		{259A4B19-431F-4752-9FA6-2DFA72AD6D2D}.Debug|x64.Build.0 = Debug|Any CPU
		{259A4B19-431F-4752-9FA6-2DFA72AD6D2D}.Debug|x64.Deploy.0 = Debug|Any CPU
		{259A4B19-431F-4752-9FA6-2DFA72AD6D2D}.Debug|x86.ActiveCfg = Debug|Any CPU
		{259A4B19-431F-4752-9FA6-2DFA72AD6D2D}.Debug|x86.Build.0 = Debug|Any CPU
		{259A4B19-431F-4752-9FA6-2DFA72AD6D2D}.Debug|x86.Deploy.0 = Debug|Any CPU
		{259A4B19-431F-4752-9FA6-2DFA72AD6D2D}.Release|Any CPU.ActiveCfg = Release|Any CPU
		{259A4B19-431F-4752-9FA6-2DFA72AD6D2D}.Release|Any CPU.Build.0 = Release|Any CPU
		{259A4B19-431F-4752-9FA6-2DFA72AD6D2D}.Release|Any CPU.Deploy.0 = Release|Any CPU
		{259A4B19-431F-4752-9FA6-2DFA72AD6D2D}.Release|ARM.ActiveCfg = Release|Any CPU
		{259A4B19-431F-4752-9FA6-2DFA72AD6D2D}.Release|ARM.Build.0 = Release|Any CPU
		{259A4B19-431F-4752-9FA6-2DFA72AD6D2D}.Release|ARM.Deploy.0 = Release|Any CPU
		{259A4B19-431F-4752-9FA6-2DFA72AD6D2D}.Release|iPhone.ActiveCfg = Release|Any CPU
		{259A4B19-431F-4752-9FA6-2DFA72AD6D2D}.Release|iPhone.Build.0 = Release|Any CPU
		{259A4B19-431F-4752-9FA6-2DFA72AD6D2D}.Release|iPhone.Deploy.0 = Release|Any CPU
		{259A4B19-431F-4752-9FA6-2DFA72AD6D2D}.Release|iPhoneSimulator.ActiveCfg = Release|Any CPU
		{259A4B19-431F-4752-9FA6-2DFA72AD6D2D}.Release|iPhoneSimulator.Build.0 = Release|Any CPU
		{259A4B19-431F-4752-9FA6-2DFA72AD6D2D}.Release|iPhoneSimulator.Deploy.0 = Release|Any CPU
		{259A4B19-431F-4752-9FA6-2DFA72AD6D2D}.Release|x64.ActiveCfg = Release|Any CPU
		{259A4B19-431F-4752-9FA6-2DFA72AD6D2D}.Release|x64.Build.0 = Release|Any CPU
		{259A4B19-431F-4752-9FA6-2DFA72AD6D2D}.Release|x64.Deploy.0 = Release|Any CPU
		{259A4B19-431F-4752-9FA6-2DFA72AD6D2D}.Release|x86.ActiveCfg = Release|Any CPU
		{259A4B19-431F-4752-9FA6-2DFA72AD6D2D}.Release|x86.Build.0 = Release|Any CPU
		{259A4B19-431F-4752-9FA6-2DFA72AD6D2D}.Release|x86.Deploy.0 = Release|Any CPU
		{820C5436-A06D-4E99-AF0E-69598B4188B9}.Debug|Any CPU.ActiveCfg = Debug|iPhone
		{820C5436-A06D-4E99-AF0E-69598B4188B9}.Debug|Any CPU.Build.0 = Debug|iPhone
		{820C5436-A06D-4E99-AF0E-69598B4188B9}.Debug|Any CPU.Deploy.0 = Debug|iPhone
		{820C5436-A06D-4E99-AF0E-69598B4188B9}.Debug|ARM.ActiveCfg = Debug|iPhoneSimulator
		{820C5436-A06D-4E99-AF0E-69598B4188B9}.Debug|ARM.Build.0 = Debug|iPhoneSimulator
		{820C5436-A06D-4E99-AF0E-69598B4188B9}.Debug|ARM.Deploy.0 = Debug|iPhoneSimulator
		{820C5436-A06D-4E99-AF0E-69598B4188B9}.Debug|iPhone.ActiveCfg = Debug|iPhone
		{820C5436-A06D-4E99-AF0E-69598B4188B9}.Debug|iPhone.Build.0 = Debug|iPhone
		{820C5436-A06D-4E99-AF0E-69598B4188B9}.Debug|iPhone.Deploy.0 = Debug|iPhone
		{820C5436-A06D-4E99-AF0E-69598B4188B9}.Debug|iPhoneSimulator.ActiveCfg = Debug|iPhoneSimulator
		{820C5436-A06D-4E99-AF0E-69598B4188B9}.Debug|iPhoneSimulator.Build.0 = Debug|iPhoneSimulator
		{820C5436-A06D-4E99-AF0E-69598B4188B9}.Debug|iPhoneSimulator.Deploy.0 = Debug|iPhoneSimulator
		{820C5436-A06D-4E99-AF0E-69598B4188B9}.Debug|x64.ActiveCfg = Debug|iPhone
		{820C5436-A06D-4E99-AF0E-69598B4188B9}.Debug|x64.Build.0 = Debug|iPhone
		{820C5436-A06D-4E99-AF0E-69598B4188B9}.Debug|x64.Deploy.0 = Debug|iPhone
		{820C5436-A06D-4E99-AF0E-69598B4188B9}.Debug|x86.ActiveCfg = Debug|iPhone
		{820C5436-A06D-4E99-AF0E-69598B4188B9}.Debug|x86.Build.0 = Debug|iPhone
		{820C5436-A06D-4E99-AF0E-69598B4188B9}.Debug|x86.Deploy.0 = Debug|iPhone
		{820C5436-A06D-4E99-AF0E-69598B4188B9}.Release|Any CPU.ActiveCfg = Release|iPhone
		{820C5436-A06D-4E99-AF0E-69598B4188B9}.Release|Any CPU.Build.0 = Release|iPhone
		{820C5436-A06D-4E99-AF0E-69598B4188B9}.Release|Any CPU.Deploy.0 = Release|iPhone
		{820C5436-A06D-4E99-AF0E-69598B4188B9}.Release|ARM.ActiveCfg = Release|iPhone
		{820C5436-A06D-4E99-AF0E-69598B4188B9}.Release|ARM.Build.0 = Release|iPhone
		{820C5436-A06D-4E99-AF0E-69598B4188B9}.Release|ARM.Deploy.0 = Release|iPhone
		{820C5436-A06D-4E99-AF0E-69598B4188B9}.Release|iPhone.ActiveCfg = Release|iPhone
		{820C5436-A06D-4E99-AF0E-69598B4188B9}.Release|iPhone.Build.0 = Release|iPhone
		{820C5436-A06D-4E99-AF0E-69598B4188B9}.Release|iPhone.Deploy.0 = Release|iPhone
		{820C5436-A06D-4E99-AF0E-69598B4188B9}.Release|iPhoneSimulator.ActiveCfg = Release|iPhoneSimulator
		{820C5436-A06D-4E99-AF0E-69598B4188B9}.Release|iPhoneSimulator.Build.0 = Release|iPhoneSimulator
		{820C5436-A06D-4E99-AF0E-69598B4188B9}.Release|iPhoneSimulator.Deploy.0 = Release|iPhoneSimulator
		{820C5436-A06D-4E99-AF0E-69598B4188B9}.Release|x64.ActiveCfg = Release|iPhone
		{820C5436-A06D-4E99-AF0E-69598B4188B9}.Release|x64.Build.0 = Release|iPhone
		{820C5436-A06D-4E99-AF0E-69598B4188B9}.Release|x64.Deploy.0 = Release|iPhone
		{820C5436-A06D-4E99-AF0E-69598B4188B9}.Release|x86.ActiveCfg = Release|iPhone
		{820C5436-A06D-4E99-AF0E-69598B4188B9}.Release|x86.Build.0 = Release|iPhone
		{820C5436-A06D-4E99-AF0E-69598B4188B9}.Release|x86.Deploy.0 = Release|iPhone
		{9ECE1932-993A-465A-8507-710CA24C787F}.Debug|Any CPU.ActiveCfg = Debug|Any CPU
		{9ECE1932-993A-465A-8507-710CA24C787F}.Debug|Any CPU.Build.0 = Debug|Any CPU
		{9ECE1932-993A-465A-8507-710CA24C787F}.Debug|Any CPU.Deploy.0 = Debug|Any CPU
		{9ECE1932-993A-465A-8507-710CA24C787F}.Debug|ARM.ActiveCfg = Debug|Any CPU
		{9ECE1932-993A-465A-8507-710CA24C787F}.Debug|ARM.Build.0 = Debug|Any CPU
		{9ECE1932-993A-465A-8507-710CA24C787F}.Debug|ARM.Deploy.0 = Debug|Any CPU
		{9ECE1932-993A-465A-8507-710CA24C787F}.Debug|iPhone.ActiveCfg = Debug|Any CPU
		{9ECE1932-993A-465A-8507-710CA24C787F}.Debug|iPhone.Build.0 = Debug|Any CPU
		{9ECE1932-993A-465A-8507-710CA24C787F}.Debug|iPhone.Deploy.0 = Debug|Any CPU
		{9ECE1932-993A-465A-8507-710CA24C787F}.Debug|iPhoneSimulator.ActiveCfg = Debug|Any CPU
		{9ECE1932-993A-465A-8507-710CA24C787F}.Debug|iPhoneSimulator.Build.0 = Debug|Any CPU
		{9ECE1932-993A-465A-8507-710CA24C787F}.Debug|iPhoneSimulator.Deploy.0 = Debug|Any CPU
		{9ECE1932-993A-465A-8507-710CA24C787F}.Debug|x64.ActiveCfg = Debug|Any CPU
		{9ECE1932-993A-465A-8507-710CA24C787F}.Debug|x64.Build.0 = Debug|Any CPU
		{9ECE1932-993A-465A-8507-710CA24C787F}.Debug|x64.Deploy.0 = Debug|Any CPU
		{9ECE1932-993A-465A-8507-710CA24C787F}.Debug|x86.ActiveCfg = Debug|Any CPU
		{9ECE1932-993A-465A-8507-710CA24C787F}.Debug|x86.Build.0 = Debug|Any CPU
		{9ECE1932-993A-465A-8507-710CA24C787F}.Debug|x86.Deploy.0 = Debug|Any CPU
		{9ECE1932-993A-465A-8507-710CA24C787F}.Release|Any CPU.ActiveCfg = Release|Any CPU
		{9ECE1932-993A-465A-8507-710CA24C787F}.Release|Any CPU.Build.0 = Release|Any CPU
		{9ECE1932-993A-465A-8507-710CA24C787F}.Release|Any CPU.Deploy.0 = Release|Any CPU
		{9ECE1932-993A-465A-8507-710CA24C787F}.Release|ARM.ActiveCfg = Release|Any CPU
		{9ECE1932-993A-465A-8507-710CA24C787F}.Release|ARM.Build.0 = Release|Any CPU
		{9ECE1932-993A-465A-8507-710CA24C787F}.Release|ARM.Deploy.0 = Release|Any CPU
		{9ECE1932-993A-465A-8507-710CA24C787F}.Release|iPhone.ActiveCfg = Release|Any CPU
		{9ECE1932-993A-465A-8507-710CA24C787F}.Release|iPhone.Build.0 = Release|Any CPU
		{9ECE1932-993A-465A-8507-710CA24C787F}.Release|iPhone.Deploy.0 = Release|Any CPU
		{9ECE1932-993A-465A-8507-710CA24C787F}.Release|iPhoneSimulator.ActiveCfg = Release|Any CPU
		{9ECE1932-993A-465A-8507-710CA24C787F}.Release|iPhoneSimulator.Build.0 = Release|Any CPU
		{9ECE1932-993A-465A-8507-710CA24C787F}.Release|iPhoneSimulator.Deploy.0 = Release|Any CPU
		{9ECE1932-993A-465A-8507-710CA24C787F}.Release|x64.ActiveCfg = Release|Any CPU
		{9ECE1932-993A-465A-8507-710CA24C787F}.Release|x64.Build.0 = Release|Any CPU
		{9ECE1932-993A-465A-8507-710CA24C787F}.Release|x64.Deploy.0 = Release|Any CPU
		{9ECE1932-993A-465A-8507-710CA24C787F}.Release|x86.ActiveCfg = Release|Any CPU
		{9ECE1932-993A-465A-8507-710CA24C787F}.Release|x86.Build.0 = Release|Any CPU
		{9ECE1932-993A-465A-8507-710CA24C787F}.Release|x86.Deploy.0 = Release|Any CPU
	EndGlobalSection
	GlobalSection(SolutionProperties) = preSolution
		HideSolutionNode = FALSE
	EndGlobalSection
	GlobalSection(ExtensibilityGlobals) = postSolution
		SolutionGuid = {ACD2D559-5DFD-4650-92F1-37D976ED7313}
	EndGlobalSection
EndGlobal
